// !$*UTF8*$!
{
	archiveVersion = 1;
	classes = {
	};
	objectVersion = 56;
	objects = {

/* Begin PBXBuildFile section */
		091AC7D2C2BF12D8C2291D3B /* Pods_TravelBudgetCalculator.framework in Frameworks */ = {isa = PBXBuildFile; fileRef = 4CFF8ACDD788D7753538CCCB /* Pods_TravelBudgetCalculator.framework */; };
		488BD2AB932A81848E171C17 /* Pods_TravelBudgetCalculatorTests.framework in Frameworks */ = {isa = PBXBuildFile; fileRef = 306FD9F149BDF5F9A9A4CDC1 /* Pods_TravelBudgetCalculatorTests.framework */; };
		BC0DFA752C81BC0100B705A7 /* AppDelegate.swift in Sources */ = {isa = PBXBuildFile; fileRef = BC0DFA742C81BC0100B705A7 /* AppDelegate.swift */; };
		BC0DFA772C81BC0100B705A7 /* SceneDelegate.swift in Sources */ = {isa = PBXBuildFile; fileRef = BC0DFA762C81BC0100B705A7 /* SceneDelegate.swift */; };
		BC0DFA792C81BC0100B705A7 /* ViewController.swift in Sources */ = {isa = PBXBuildFile; fileRef = BC0DFA782C81BC0100B705A7 /* ViewController.swift */; };
		BC0DFA7C2C81BC0100B705A7 /* Base in Resources */ = {isa = PBXBuildFile; fileRef = BC0DFA7B2C81BC0100B705A7 /* Base */; };
		BC0DFA7E2C81BC0300B705A7 /* Assets.xcassets in Resources */ = {isa = PBXBuildFile; fileRef = BC0DFA7D2C81BC0300B705A7 /* Assets.xcassets */; };
		BC0DFA812C81BC0300B705A7 /* Base in Resources */ = {isa = PBXBuildFile; fileRef = BC0DFA802C81BC0300B705A7 /* Base */; };
		BC0DFA8C2C81BC0300B705A7 /* TravelBudgetCalculatorTests.swift in Sources */ = {isa = PBXBuildFile; fileRef = BC0DFA8B2C81BC0300B705A7 /* TravelBudgetCalculatorTests.swift */; };
		BC0DFA962C81BC0300B705A7 /* TravelBudgetCalculatorUITests.swift in Sources */ = {isa = PBXBuildFile; fileRef = BC0DFA952C81BC0300B705A7 /* TravelBudgetCalculatorUITests.swift */; };
		BC0DFA982C81BC0300B705A7 /* TravelBudgetCalculatorUITestsLaunchTests.swift in Sources */ = {isa = PBXBuildFile; fileRef = BC0DFA972C81BC0300B705A7 /* TravelBudgetCalculatorUITestsLaunchTests.swift */; };
		BC0DFAA62C81C5B000B705A7 /* PaymentListItemCell.swift in Sources */ = {isa = PBXBuildFile; fileRef = BC0DFAA42C81C5B000B705A7 /* PaymentListItemCell.swift */; };
		BC0DFAA72C81C5B000B705A7 /* PaymentListItemCell.xib in Resources */ = {isa = PBXBuildFile; fileRef = BC0DFAA52C81C5B000B705A7 /* PaymentListItemCell.xib */; };
		BC0DFAA92C81FE3700B705A7 /* CurrencyType.swift in Sources */ = {isa = PBXBuildFile; fileRef = BC0DFAA82C81FE3700B705A7 /* CurrencyType.swift */; };
		BC120A8D2C8ADC13005C84DC /* TravelRegisterFirstViewController.swift in Sources */ = {isa = PBXBuildFile; fileRef = BC120A8C2C8ADC13005C84DC /* TravelRegisterFirstViewController.swift */; };
		BC120A8F2C8ADC1A005C84DC /* TravelRegisterFirstViewController.storyboard in Resources */ = {isa = PBXBuildFile; fileRef = BC120A8E2C8ADC1A005C84DC /* TravelRegisterFirstViewController.storyboard */; };
		BC18F8702C89813D006C8D59 /* DateListViewController.swift in Sources */ = {isa = PBXBuildFile; fileRef = BC18F86F2C89813D006C8D59 /* DateListViewController.swift */; };
		BC18F8722C898143006C8D59 /* DateListViewController.storyboard in Resources */ = {isa = PBXBuildFile; fileRef = BC18F8712C898143006C8D59 /* DateListViewController.storyboard */; };
		BC58CB5B2C89887F00F40E16 /* ItineraryData.swift in Sources */ = {isa = PBXBuildFile; fileRef = BC58CB5A2C89887F00F40E16 /* ItineraryData.swift */; };
		BC58CB5E2C898ADF00F40E16 /* DailyExpense.swift in Sources */ = {isa = PBXBuildFile; fileRef = BC58CB5D2C898ADF00F40E16 /* DailyExpense.swift */; };
		BC69D17D2C8AC81000DD0A9B /* TravelListCell.swift in Sources */ = {isa = PBXBuildFile; fileRef = BC69D17B2C8AC81000DD0A9B /* TravelListCell.swift */; };
		BC69D17E2C8AC81000DD0A9B /* TravelListCell.xib in Resources */ = {isa = PBXBuildFile; fileRef = BC69D17C2C8AC81000DD0A9B /* TravelListCell.xib */; };
		BC69D1802C8AC97200DD0A9B /* Extension+Storyboard.swift in Sources */ = {isa = PBXBuildFile; fileRef = BC69D17F2C8AC97200DD0A9B /* Extension+Storyboard.swift */; };
		BC8B90262C8AFA980050B252 /* Travel.swift in Sources */ = {isa = PBXBuildFile; fileRef = BC8B90252C8AFA980050B252 /* Travel.swift */; };
		BC8B90282C8BF67B0050B252 /* TimeZone+Extension.swift in Sources */ = {isa = PBXBuildFile; fileRef = BC8B90272C8BF67B0050B252 /* TimeZone+Extension.swift */; };
		BC8B902C2C8BFA310050B252 /* TravelRegisterSecondViewController.swift in Sources */ = {isa = PBXBuildFile; fileRef = BC8B902B2C8BFA310050B252 /* TravelRegisterSecondViewController.swift */; };
		BC8B902E2C8BFA360050B252 /* TravelRegisterSecondViewController.storyboard in Resources */ = {isa = PBXBuildFile; fileRef = BC8B902D2C8BFA360050B252 /* TravelRegisterSecondViewController.storyboard */; };
		BCA731552C89B8B4007C56A5 /* UIViewController+Extension.swift in Sources */ = {isa = PBXBuildFile; fileRef = BCA731542C89B8B4007C56A5 /* UIViewController+Extension.swift */; };
		BCA731572C89BCB1007C56A5 /* InputFormUtil.swift in Sources */ = {isa = PBXBuildFile; fileRef = BCA731562C89BCB1007C56A5 /* InputFormUtil.swift */; };
		BCA731592C89BF23007C56A5 /* UIView+Extension.swift in Sources */ = {isa = PBXBuildFile; fileRef = BCA731582C89BF23007C56A5 /* UIView+Extension.swift */; };
		BCA7315B2C89E81C007C56A5 /* KeyboardOverlapUtil.swift in Sources */ = {isa = PBXBuildFile; fileRef = BCA7315A2C89E81C007C56A5 /* KeyboardOverlapUtil.swift */; };
		BCA731652C8A994D007C56A5 /* RateSettingViewController.swift in Sources */ = {isa = PBXBuildFile; fileRef = BCA731642C8A994D007C56A5 /* RateSettingViewController.swift */; };
		BCA731672C8A9954007C56A5 /* RateSettingViewController.storyboard in Resources */ = {isa = PBXBuildFile; fileRef = BCA731662C8A9954007C56A5 /* RateSettingViewController.storyboard */; };
		BCA7316A2C8A9BFA007C56A5 /* RateSettingCell.xib in Resources */ = {isa = PBXBuildFile; fileRef = BCA731692C8A9BFA007C56A5 /* RateSettingCell.xib */; };
		BCA7316B2C8A9BFA007C56A5 /* RateSettingCell.swift in Sources */ = {isa = PBXBuildFile; fileRef = BCA731682C8A9BFA007C56A5 /* RateSettingCell.swift */; };
		BCA7316E2C8A9D91007C56A5 /* TouchesBeganTableView.swift in Sources */ = {isa = PBXBuildFile; fileRef = BCA7316D2C8A9D91007C56A5 /* TouchesBeganTableView.swift */; };
		BCA731702C8A9DB6007C56A5 /* PaymentList.swift in Sources */ = {isa = PBXBuildFile; fileRef = BCA7316F2C8A9DB6007C56A5 /* PaymentList.swift */; };
		BCA731722C8AA250007C56A5 /* UserDefaults+Extension.swift in Sources */ = {isa = PBXBuildFile; fileRef = BCA731712C8AA250007C56A5 /* UserDefaults+Extension.swift */; };
		BCA731742C8AA2CC007C56A5 /* RegisteredCurrency.swift in Sources */ = {isa = PBXBuildFile; fileRef = BCA731732C8AA2CC007C56A5 /* RegisteredCurrency.swift */; };
		BCA731762C8AA3B9007C56A5 /* Encodable+Extension.swift in Sources */ = {isa = PBXBuildFile; fileRef = BCA731752C8AA3B9007C56A5 /* Encodable+Extension.swift */; };
		BCA731792C8AA988007C56A5 /* CurrencyRegisterViewController.swift in Sources */ = {isa = PBXBuildFile; fileRef = BCA731782C8AA988007C56A5 /* CurrencyRegisterViewController.swift */; };
		BCA7317B2C8AA9A1007C56A5 /* CurrencyRegisterViewController.storyboard in Resources */ = {isa = PBXBuildFile; fileRef = BCA7317A2C8AA9A1007C56A5 /* CurrencyRegisterViewController.storyboard */; };
		BCA7317E2C8ABF7B007C56A5 /* TopViewController.swift in Sources */ = {isa = PBXBuildFile; fileRef = BCA7317D2C8ABF7B007C56A5 /* TopViewController.swift */; };
		BCA731802C8ABF80007C56A5 /* TopViewController.storyboard in Resources */ = {isa = PBXBuildFile; fileRef = BCA7317F2C8ABF80007C56A5 /* TopViewController.storyboard */; };
		BCA9A9412C822EED00084047 /* DateListViewController0.swift in Sources */ = {isa = PBXBuildFile; fileRef = BCA9A9402C822EED00084047 /* DateListViewController0.swift */; };
		BCA9A9432C822EF300084047 /* DateListViewController0.storyboard in Resources */ = {isa = PBXBuildFile; fileRef = BCA9A9422C822EF300084047 /* DateListViewController0.storyboard */; };
		BCA9A9452C822F0200084047 /* DateDetailViewController.swift in Sources */ = {isa = PBXBuildFile; fileRef = BCA9A9442C822F0200084047 /* DateDetailViewController.swift */; };
		BCA9A9472C822F0800084047 /* DateDetailViewController.storyboard in Resources */ = {isa = PBXBuildFile; fileRef = BCA9A9462C822F0800084047 /* DateDetailViewController.storyboard */; };
		BCD007102C8891080072B455 /* DateListCell.swift in Sources */ = {isa = PBXBuildFile; fileRef = BCD0070E2C8891080072B455 /* DateListCell.swift */; };
		BCD007112C8891080072B455 /* DateListCell.xib in Resources */ = {isa = PBXBuildFile; fileRef = BCD0070F2C8891080072B455 /* DateListCell.xib */; };
		BCD007132C8931E10072B455 /* DateDetailGenreSectionHeader.swift in Sources */ = {isa = PBXBuildFile; fileRef = BCD007122C8931E10072B455 /* DateDetailGenreSectionHeader.swift */; };
		BCD007152C8931E80072B455 /* DateDetailGenreSectionHeader.xib in Resources */ = {isa = PBXBuildFile; fileRef = BCD007142C8931E80072B455 /* DateDetailGenreSectionHeader.xib */; };
		BCD007172C8934AA0072B455 /* DateDetailGenreSectionFooter.swift in Sources */ = {isa = PBXBuildFile; fileRef = BCD007162C8934AA0072B455 /* DateDetailGenreSectionFooter.swift */; };
		BCD007192C8934B10072B455 /* DateDetailGenreSectionFooter.xib in Resources */ = {isa = PBXBuildFile; fileRef = BCD007182C8934B10072B455 /* DateDetailGenreSectionFooter.xib */; };
		DF4A646C64741A59DF732B49 /* Pods_TravelBudgetCalculator_TravelBudgetCalculatorUITests.framework in Frameworks */ = {isa = PBXBuildFile; fileRef = 9B3CB7DC5EDE697336333E22 /* Pods_TravelBudgetCalculator_TravelBudgetCalculatorUITests.framework */; };
/* End PBXBuildFile section */

/* Begin PBXContainerItemProxy section */
		BC0DFA882C81BC0300B705A7 /* PBXContainerItemProxy */ = {
			isa = PBXContainerItemProxy;
			containerPortal = BC0DFA692C81BC0100B705A7 /* Project object */;
			proxyType = 1;
			remoteGlobalIDString = BC0DFA702C81BC0100B705A7;
			remoteInfo = TravelBudgetCalculator;
		};
		BC0DFA922C81BC0300B705A7 /* PBXContainerItemProxy */ = {
			isa = PBXContainerItemProxy;
			containerPortal = BC0DFA692C81BC0100B705A7 /* Project object */;
			proxyType = 1;
			remoteGlobalIDString = BC0DFA702C81BC0100B705A7;
			remoteInfo = TravelBudgetCalculator;
		};
/* End PBXContainerItemProxy section */

/* Begin PBXFileReference section */
		0236D4B7E607A4F343A2D7E0 /* Pods-TravelBudgetCalculator-TravelBudgetCalculatorUITests.release.xcconfig */ = {isa = PBXFileReference; includeInIndex = 1; lastKnownFileType = text.xcconfig; name = "Pods-TravelBudgetCalculator-TravelBudgetCalculatorUITests.release.xcconfig"; path = "Target Support Files/Pods-TravelBudgetCalculator-TravelBudgetCalculatorUITests/Pods-TravelBudgetCalculator-TravelBudgetCalculatorUITests.release.xcconfig"; sourceTree = "<group>"; };
		07B822A7B9EAB14866A6F630 /* Pods-TravelBudgetCalculator-TravelBudgetCalculatorUITests.debug.xcconfig */ = {isa = PBXFileReference; includeInIndex = 1; lastKnownFileType = text.xcconfig; name = "Pods-TravelBudgetCalculator-TravelBudgetCalculatorUITests.debug.xcconfig"; path = "Target Support Files/Pods-TravelBudgetCalculator-TravelBudgetCalculatorUITests/Pods-TravelBudgetCalculator-TravelBudgetCalculatorUITests.debug.xcconfig"; sourceTree = "<group>"; };
		26B1F0BC798552362FA86169 /* Pods-TravelBudgetCalculatorTests.release.xcconfig */ = {isa = PBXFileReference; includeInIndex = 1; lastKnownFileType = text.xcconfig; name = "Pods-TravelBudgetCalculatorTests.release.xcconfig"; path = "Target Support Files/Pods-TravelBudgetCalculatorTests/Pods-TravelBudgetCalculatorTests.release.xcconfig"; sourceTree = "<group>"; };
		306FD9F149BDF5F9A9A4CDC1 /* Pods_TravelBudgetCalculatorTests.framework */ = {isa = PBXFileReference; explicitFileType = wrapper.framework; includeInIndex = 0; path = Pods_TravelBudgetCalculatorTests.framework; sourceTree = BUILT_PRODUCTS_DIR; };
		4CFF8ACDD788D7753538CCCB /* Pods_TravelBudgetCalculator.framework */ = {isa = PBXFileReference; explicitFileType = wrapper.framework; includeInIndex = 0; path = Pods_TravelBudgetCalculator.framework; sourceTree = BUILT_PRODUCTS_DIR; };
		6A62CAC1A821D99C008BF2A6 /* Pods-TravelBudgetCalculatorTests.debug.xcconfig */ = {isa = PBXFileReference; includeInIndex = 1; lastKnownFileType = text.xcconfig; name = "Pods-TravelBudgetCalculatorTests.debug.xcconfig"; path = "Target Support Files/Pods-TravelBudgetCalculatorTests/Pods-TravelBudgetCalculatorTests.debug.xcconfig"; sourceTree = "<group>"; };
		9B3CB7DC5EDE697336333E22 /* Pods_TravelBudgetCalculator_TravelBudgetCalculatorUITests.framework */ = {isa = PBXFileReference; explicitFileType = wrapper.framework; includeInIndex = 0; path = Pods_TravelBudgetCalculator_TravelBudgetCalculatorUITests.framework; sourceTree = BUILT_PRODUCTS_DIR; };
		BC0DFA712C81BC0100B705A7 /* TravelBudgetCalculator.app */ = {isa = PBXFileReference; explicitFileType = wrapper.application; includeInIndex = 0; path = TravelBudgetCalculator.app; sourceTree = BUILT_PRODUCTS_DIR; };
		BC0DFA742C81BC0100B705A7 /* AppDelegate.swift */ = {isa = PBXFileReference; lastKnownFileType = sourcecode.swift; path = AppDelegate.swift; sourceTree = "<group>"; };
		BC0DFA762C81BC0100B705A7 /* SceneDelegate.swift */ = {isa = PBXFileReference; lastKnownFileType = sourcecode.swift; path = SceneDelegate.swift; sourceTree = "<group>"; };
		BC0DFA782C81BC0100B705A7 /* ViewController.swift */ = {isa = PBXFileReference; lastKnownFileType = sourcecode.swift; path = ViewController.swift; sourceTree = "<group>"; };
		BC0DFA7B2C81BC0100B705A7 /* Base */ = {isa = PBXFileReference; lastKnownFileType = file.storyboard; name = Base; path = Base.lproj/Main.storyboard; sourceTree = "<group>"; };
		BC0DFA7D2C81BC0300B705A7 /* Assets.xcassets */ = {isa = PBXFileReference; lastKnownFileType = folder.assetcatalog; path = Assets.xcassets; sourceTree = "<group>"; };
		BC0DFA802C81BC0300B705A7 /* Base */ = {isa = PBXFileReference; lastKnownFileType = file.storyboard; name = Base; path = Base.lproj/LaunchScreen.storyboard; sourceTree = "<group>"; };
		BC0DFA822C81BC0300B705A7 /* Info.plist */ = {isa = PBXFileReference; lastKnownFileType = text.plist.xml; path = Info.plist; sourceTree = "<group>"; };
		BC0DFA872C81BC0300B705A7 /* TravelBudgetCalculatorTests.xctest */ = {isa = PBXFileReference; explicitFileType = wrapper.cfbundle; includeInIndex = 0; path = TravelBudgetCalculatorTests.xctest; sourceTree = BUILT_PRODUCTS_DIR; };
		BC0DFA8B2C81BC0300B705A7 /* TravelBudgetCalculatorTests.swift */ = {isa = PBXFileReference; lastKnownFileType = sourcecode.swift; path = TravelBudgetCalculatorTests.swift; sourceTree = "<group>"; };
		BC0DFA912C81BC0300B705A7 /* TravelBudgetCalculatorUITests.xctest */ = {isa = PBXFileReference; explicitFileType = wrapper.cfbundle; includeInIndex = 0; path = TravelBudgetCalculatorUITests.xctest; sourceTree = BUILT_PRODUCTS_DIR; };
		BC0DFA952C81BC0300B705A7 /* TravelBudgetCalculatorUITests.swift */ = {isa = PBXFileReference; lastKnownFileType = sourcecode.swift; path = TravelBudgetCalculatorUITests.swift; sourceTree = "<group>"; };
		BC0DFA972C81BC0300B705A7 /* TravelBudgetCalculatorUITestsLaunchTests.swift */ = {isa = PBXFileReference; lastKnownFileType = sourcecode.swift; path = TravelBudgetCalculatorUITestsLaunchTests.swift; sourceTree = "<group>"; };
		BC0DFAA42C81C5B000B705A7 /* PaymentListItemCell.swift */ = {isa = PBXFileReference; lastKnownFileType = sourcecode.swift; path = PaymentListItemCell.swift; sourceTree = "<group>"; };
		BC0DFAA52C81C5B000B705A7 /* PaymentListItemCell.xib */ = {isa = PBXFileReference; lastKnownFileType = file.xib; path = PaymentListItemCell.xib; sourceTree = "<group>"; };
		BC0DFAA82C81FE3700B705A7 /* CurrencyType.swift */ = {isa = PBXFileReference; lastKnownFileType = sourcecode.swift; path = CurrencyType.swift; sourceTree = "<group>"; };
		BC120A8C2C8ADC13005C84DC /* TravelRegisterFirstViewController.swift */ = {isa = PBXFileReference; lastKnownFileType = sourcecode.swift; path = TravelRegisterFirstViewController.swift; sourceTree = "<group>"; };
		BC120A8E2C8ADC1A005C84DC /* TravelRegisterFirstViewController.storyboard */ = {isa = PBXFileReference; lastKnownFileType = file.storyboard; path = TravelRegisterFirstViewController.storyboard; sourceTree = "<group>"; };
		BC18F86F2C89813D006C8D59 /* DateListViewController.swift */ = {isa = PBXFileReference; lastKnownFileType = sourcecode.swift; path = DateListViewController.swift; sourceTree = "<group>"; };
		BC18F8712C898143006C8D59 /* DateListViewController.storyboard */ = {isa = PBXFileReference; lastKnownFileType = file.storyboard; path = DateListViewController.storyboard; sourceTree = "<group>"; };
		BC58CB5A2C89887F00F40E16 /* ItineraryData.swift */ = {isa = PBXFileReference; lastKnownFileType = sourcecode.swift; path = ItineraryData.swift; sourceTree = "<group>"; };
		BC58CB5D2C898ADF00F40E16 /* DailyExpense.swift */ = {isa = PBXFileReference; lastKnownFileType = sourcecode.swift; path = DailyExpense.swift; sourceTree = "<group>"; };
		BC69D17B2C8AC81000DD0A9B /* TravelListCell.swift */ = {isa = PBXFileReference; lastKnownFileType = sourcecode.swift; path = TravelListCell.swift; sourceTree = "<group>"; };
		BC69D17C2C8AC81000DD0A9B /* TravelListCell.xib */ = {isa = PBXFileReference; lastKnownFileType = file.xib; path = TravelListCell.xib; sourceTree = "<group>"; };
		BC69D17F2C8AC97200DD0A9B /* Extension+Storyboard.swift */ = {isa = PBXFileReference; fileEncoding = 4; lastKnownFileType = sourcecode.swift; path = "Extension+Storyboard.swift"; sourceTree = "<group>"; };
		BC8B90252C8AFA980050B252 /* Travel.swift */ = {isa = PBXFileReference; lastKnownFileType = sourcecode.swift; path = Travel.swift; sourceTree = "<group>"; };
		BC8B90272C8BF67B0050B252 /* TimeZone+Extension.swift */ = {isa = PBXFileReference; lastKnownFileType = sourcecode.swift; path = "TimeZone+Extension.swift"; sourceTree = "<group>"; };
		BC8B902B2C8BFA310050B252 /* TravelRegisterSecondViewController.swift */ = {isa = PBXFileReference; lastKnownFileType = sourcecode.swift; path = TravelRegisterSecondViewController.swift; sourceTree = "<group>"; };
		BC8B902D2C8BFA360050B252 /* TravelRegisterSecondViewController.storyboard */ = {isa = PBXFileReference; lastKnownFileType = file.storyboard; path = TravelRegisterSecondViewController.storyboard; sourceTree = "<group>"; };
		BCA731542C89B8B4007C56A5 /* UIViewController+Extension.swift */ = {isa = PBXFileReference; lastKnownFileType = sourcecode.swift; path = "UIViewController+Extension.swift"; sourceTree = "<group>"; };
		BCA731562C89BCB1007C56A5 /* InputFormUtil.swift */ = {isa = PBXFileReference; lastKnownFileType = sourcecode.swift; path = InputFormUtil.swift; sourceTree = "<group>"; };
		BCA731582C89BF23007C56A5 /* UIView+Extension.swift */ = {isa = PBXFileReference; fileEncoding = 4; lastKnownFileType = sourcecode.swift; path = "UIView+Extension.swift"; sourceTree = "<group>"; };
		BCA7315A2C89E81C007C56A5 /* KeyboardOverlapUtil.swift */ = {isa = PBXFileReference; fileEncoding = 4; lastKnownFileType = sourcecode.swift; path = KeyboardOverlapUtil.swift; sourceTree = "<group>"; };
		BCA731642C8A994D007C56A5 /* RateSettingViewController.swift */ = {isa = PBXFileReference; lastKnownFileType = sourcecode.swift; path = RateSettingViewController.swift; sourceTree = "<group>"; };
		BCA731662C8A9954007C56A5 /* RateSettingViewController.storyboard */ = {isa = PBXFileReference; lastKnownFileType = file.storyboard; path = RateSettingViewController.storyboard; sourceTree = "<group>"; };
		BCA731682C8A9BFA007C56A5 /* RateSettingCell.swift */ = {isa = PBXFileReference; lastKnownFileType = sourcecode.swift; path = RateSettingCell.swift; sourceTree = "<group>"; };
		BCA731692C8A9BFA007C56A5 /* RateSettingCell.xib */ = {isa = PBXFileReference; lastKnownFileType = file.xib; path = RateSettingCell.xib; sourceTree = "<group>"; };
		BCA7316D2C8A9D91007C56A5 /* TouchesBeganTableView.swift */ = {isa = PBXFileReference; lastKnownFileType = sourcecode.swift; path = TouchesBeganTableView.swift; sourceTree = "<group>"; };
		BCA7316F2C8A9DB6007C56A5 /* PaymentList.swift */ = {isa = PBXFileReference; lastKnownFileType = sourcecode.swift; path = PaymentList.swift; sourceTree = "<group>"; };
		BCA731712C8AA250007C56A5 /* UserDefaults+Extension.swift */ = {isa = PBXFileReference; fileEncoding = 4; lastKnownFileType = sourcecode.swift; path = "UserDefaults+Extension.swift"; sourceTree = "<group>"; };
		BCA731732C8AA2CC007C56A5 /* RegisteredCurrency.swift */ = {isa = PBXFileReference; lastKnownFileType = sourcecode.swift; path = RegisteredCurrency.swift; sourceTree = "<group>"; };
		BCA731752C8AA3B9007C56A5 /* Encodable+Extension.swift */ = {isa = PBXFileReference; fileEncoding = 4; lastKnownFileType = sourcecode.swift; path = "Encodable+Extension.swift"; sourceTree = "<group>"; };
		BCA731782C8AA988007C56A5 /* CurrencyRegisterViewController.swift */ = {isa = PBXFileReference; lastKnownFileType = sourcecode.swift; path = CurrencyRegisterViewController.swift; sourceTree = "<group>"; };
		BCA7317A2C8AA9A1007C56A5 /* CurrencyRegisterViewController.storyboard */ = {isa = PBXFileReference; lastKnownFileType = file.storyboard; path = CurrencyRegisterViewController.storyboard; sourceTree = "<group>"; };
		BCA7317D2C8ABF7B007C56A5 /* TopViewController.swift */ = {isa = PBXFileReference; lastKnownFileType = sourcecode.swift; path = TopViewController.swift; sourceTree = "<group>"; };
		BCA7317F2C8ABF80007C56A5 /* TopViewController.storyboard */ = {isa = PBXFileReference; lastKnownFileType = file.storyboard; path = TopViewController.storyboard; sourceTree = "<group>"; };
		BCA9A9402C822EED00084047 /* DateListViewController0.swift */ = {isa = PBXFileReference; lastKnownFileType = sourcecode.swift; path = DateListViewController0.swift; sourceTree = "<group>"; };
		BCA9A9422C822EF300084047 /* DateListViewController0.storyboard */ = {isa = PBXFileReference; lastKnownFileType = file.storyboard; path = DateListViewController0.storyboard; sourceTree = "<group>"; };
		BCA9A9442C822F0200084047 /* DateDetailViewController.swift */ = {isa = PBXFileReference; lastKnownFileType = sourcecode.swift; path = DateDetailViewController.swift; sourceTree = "<group>"; };
		BCA9A9462C822F0800084047 /* DateDetailViewController.storyboard */ = {isa = PBXFileReference; lastKnownFileType = file.storyboard; path = DateDetailViewController.storyboard; sourceTree = "<group>"; };
		BCD0070E2C8891080072B455 /* DateListCell.swift */ = {isa = PBXFileReference; lastKnownFileType = sourcecode.swift; path = DateListCell.swift; sourceTree = "<group>"; };
		BCD0070F2C8891080072B455 /* DateListCell.xib */ = {isa = PBXFileReference; lastKnownFileType = file.xib; path = DateListCell.xib; sourceTree = "<group>"; };
		BCD007122C8931E10072B455 /* DateDetailGenreSectionHeader.swift */ = {isa = PBXFileReference; lastKnownFileType = sourcecode.swift; path = DateDetailGenreSectionHeader.swift; sourceTree = "<group>"; };
		BCD007142C8931E80072B455 /* DateDetailGenreSectionHeader.xib */ = {isa = PBXFileReference; lastKnownFileType = file.xib; path = DateDetailGenreSectionHeader.xib; sourceTree = "<group>"; };
		BCD007162C8934AA0072B455 /* DateDetailGenreSectionFooter.swift */ = {isa = PBXFileReference; lastKnownFileType = sourcecode.swift; path = DateDetailGenreSectionFooter.swift; sourceTree = "<group>"; };
		BCD007182C8934B10072B455 /* DateDetailGenreSectionFooter.xib */ = {isa = PBXFileReference; lastKnownFileType = file.xib; path = DateDetailGenreSectionFooter.xib; sourceTree = "<group>"; };
		CF147870843459AAC8955DE5 /* Pods-TravelBudgetCalculator.release.xcconfig */ = {isa = PBXFileReference; includeInIndex = 1; lastKnownFileType = text.xcconfig; name = "Pods-TravelBudgetCalculator.release.xcconfig"; path = "Target Support Files/Pods-TravelBudgetCalculator/Pods-TravelBudgetCalculator.release.xcconfig"; sourceTree = "<group>"; };
		F22A04E33E339684E408ABFD /* Pods-TravelBudgetCalculator.debug.xcconfig */ = {isa = PBXFileReference; includeInIndex = 1; lastKnownFileType = text.xcconfig; name = "Pods-TravelBudgetCalculator.debug.xcconfig"; path = "Target Support Files/Pods-TravelBudgetCalculator/Pods-TravelBudgetCalculator.debug.xcconfig"; sourceTree = "<group>"; };
/* End PBXFileReference section */

/* Begin PBXFrameworksBuildPhase section */
		BC0DFA6E2C81BC0100B705A7 /* Frameworks */ = {
			isa = PBXFrameworksBuildPhase;
			buildActionMask = 2147483647;
			files = (
				091AC7D2C2BF12D8C2291D3B /* Pods_TravelBudgetCalculator.framework in Frameworks */,
			);
			runOnlyForDeploymentPostprocessing = 0;
		};
		BC0DFA842C81BC0300B705A7 /* Frameworks */ = {
			isa = PBXFrameworksBuildPhase;
			buildActionMask = 2147483647;
			files = (
				488BD2AB932A81848E171C17 /* Pods_TravelBudgetCalculatorTests.framework in Frameworks */,
			);
			runOnlyForDeploymentPostprocessing = 0;
		};
		BC0DFA8E2C81BC0300B705A7 /* Frameworks */ = {
			isa = PBXFrameworksBuildPhase;
			buildActionMask = 2147483647;
			files = (
				DF4A646C64741A59DF732B49 /* Pods_TravelBudgetCalculator_TravelBudgetCalculatorUITests.framework in Frameworks */,
			);
			runOnlyForDeploymentPostprocessing = 0;
		};
/* End PBXFrameworksBuildPhase section */

/* Begin PBXGroup section */
		9EE4E658F3FAD285B62543FD /* Pods */ = {
			isa = PBXGroup;
			children = (
				F22A04E33E339684E408ABFD /* Pods-TravelBudgetCalculator.debug.xcconfig */,
				CF147870843459AAC8955DE5 /* Pods-TravelBudgetCalculator.release.xcconfig */,
				07B822A7B9EAB14866A6F630 /* Pods-TravelBudgetCalculator-TravelBudgetCalculatorUITests.debug.xcconfig */,
				0236D4B7E607A4F343A2D7E0 /* Pods-TravelBudgetCalculator-TravelBudgetCalculatorUITests.release.xcconfig */,
				6A62CAC1A821D99C008BF2A6 /* Pods-TravelBudgetCalculatorTests.debug.xcconfig */,
				26B1F0BC798552362FA86169 /* Pods-TravelBudgetCalculatorTests.release.xcconfig */,
			);
			path = Pods;
			sourceTree = "<group>";
		};
		BC0DFA682C81BC0100B705A7 = {
			isa = PBXGroup;
			children = (
				BC0DFA732C81BC0100B705A7 /* TravelBudgetCalculator */,
				BC0DFA8A2C81BC0300B705A7 /* TravelBudgetCalculatorTests */,
				BC0DFA942C81BC0300B705A7 /* TravelBudgetCalculatorUITests */,
				BC0DFA722C81BC0100B705A7 /* Products */,
				9EE4E658F3FAD285B62543FD /* Pods */,
				F708BB9F5839A9C6089E4486 /* Frameworks */,
			);
			sourceTree = "<group>";
		};
		BC0DFA722C81BC0100B705A7 /* Products */ = {
			isa = PBXGroup;
			children = (
				BC0DFA712C81BC0100B705A7 /* TravelBudgetCalculator.app */,
				BC0DFA872C81BC0300B705A7 /* TravelBudgetCalculatorTests.xctest */,
				BC0DFA912C81BC0300B705A7 /* TravelBudgetCalculatorUITests.xctest */,
			);
			name = Products;
			sourceTree = "<group>";
		};
		BC0DFA732C81BC0100B705A7 /* TravelBudgetCalculator */ = {
			isa = PBXGroup;
			children = (
				BC0DFA742C81BC0100B705A7 /* AppDelegate.swift */,
				BC0DFA762C81BC0100B705A7 /* SceneDelegate.swift */,
				BCA7315E2C8A900D007C56A5 /* Enums */,
				BCA7315D2C8A9006007C56A5 /* Structs */,
				BCA7315F2C8A9012007C56A5 /* Utilities */,
				BCA7315C2C8A8FDD007C56A5 /* Extensions */,
				BCA7316C2C8A9D75007C56A5 /* CustomClasses */,
				BCA731602C8A9035007C56A5 /* Presentations */,
				BC58CB5C2C8989C100F40E16 /* UnusedFiles */,
				BC0DFA7D2C81BC0300B705A7 /* Assets.xcassets */,
				BC0DFA7F2C81BC0300B705A7 /* LaunchScreen.storyboard */,
				BC0DFA822C81BC0300B705A7 /* Info.plist */,
			);
			path = TravelBudgetCalculator;
			sourceTree = "<group>";
		};
		BC0DFA8A2C81BC0300B705A7 /* TravelBudgetCalculatorTests */ = {
			isa = PBXGroup;
			children = (
				BC0DFA8B2C81BC0300B705A7 /* TravelBudgetCalculatorTests.swift */,
			);
			path = TravelBudgetCalculatorTests;
			sourceTree = "<group>";
		};
		BC0DFA942C81BC0300B705A7 /* TravelBudgetCalculatorUITests */ = {
			isa = PBXGroup;
			children = (
				BC0DFA952C81BC0300B705A7 /* TravelBudgetCalculatorUITests.swift */,
				BC0DFA972C81BC0300B705A7 /* TravelBudgetCalculatorUITestsLaunchTests.swift */,
			);
			path = TravelBudgetCalculatorUITests;
			sourceTree = "<group>";
		};
		BC120A8B2C8ADBEA005C84DC /* TravelRegister */ = {
			isa = PBXGroup;
			children = (
				BC8B90292C8BF9AD0050B252 /* First */,
				BC8B902A2C8BF9B60050B252 /* Second */,
			);
			path = TravelRegister;
			sourceTree = "<group>";
		};
		BC18F86E2C898112006C8D59 /* DataList */ = {
			isa = PBXGroup;
			children = (
				BC18F86F2C89813D006C8D59 /* DateListViewController.swift */,
				BC18F8712C898143006C8D59 /* DateListViewController.storyboard */,
			);
			path = DataList;
			sourceTree = "<group>";
		};
		BC58CB5C2C8989C100F40E16 /* UnusedFiles */ = {
			isa = PBXGroup;
			children = (
				BC0DFA782C81BC0100B705A7 /* ViewController.swift */,
				BC0DFA7A2C81BC0100B705A7 /* Main.storyboard */,
				BCA9A9342C822E0200084047 /* DateList0 */,
			);
			path = UnusedFiles;
			sourceTree = "<group>";
		};
		BC8B90292C8BF9AD0050B252 /* First */ = {
			isa = PBXGroup;
			children = (
				BC120A8C2C8ADC13005C84DC /* TravelRegisterFirstViewController.swift */,
				BC120A8E2C8ADC1A005C84DC /* TravelRegisterFirstViewController.storyboard */,
			);
			path = First;
			sourceTree = "<group>";
		};
		BC8B902A2C8BF9B60050B252 /* Second */ = {
			isa = PBXGroup;
			children = (
				BC8B902B2C8BFA310050B252 /* TravelRegisterSecondViewController.swift */,
				BC8B902D2C8BFA360050B252 /* TravelRegisterSecondViewController.storyboard */,
			);
			path = Second;
			sourceTree = "<group>";
		};
		BCA7315C2C8A8FDD007C56A5 /* Extensions */ = {
			isa = PBXGroup;
			children = (
				BC69D17F2C8AC97200DD0A9B /* Extension+Storyboard.swift */,
				BCA731712C8AA250007C56A5 /* UserDefaults+Extension.swift */,
				BCA731542C89B8B4007C56A5 /* UIViewController+Extension.swift */,
				BCA731582C89BF23007C56A5 /* UIView+Extension.swift */,
				BCA731752C8AA3B9007C56A5 /* Encodable+Extension.swift */,
				BC8B90272C8BF67B0050B252 /* TimeZone+Extension.swift */,
			);
			path = Extensions;
			sourceTree = "<group>";
		};
		BCA7315D2C8A9006007C56A5 /* Structs */ = {
			isa = PBXGroup;
			children = (
				BC58CB5D2C898ADF00F40E16 /* DailyExpense.swift */,
				BC58CB5A2C89887F00F40E16 /* ItineraryData.swift */,
				BCA7316F2C8A9DB6007C56A5 /* PaymentList.swift */,
				BCA731732C8AA2CC007C56A5 /* RegisteredCurrency.swift */,
				BC8B90252C8AFA980050B252 /* Travel.swift */,
			);
			path = Structs;
			sourceTree = "<group>";
		};
		BCA7315E2C8A900D007C56A5 /* Enums */ = {
			isa = PBXGroup;
			children = (
				BC0DFAA82C81FE3700B705A7 /* CurrencyType.swift */,
			);
			path = Enums;
			sourceTree = "<group>";
		};
		BCA7315F2C8A9012007C56A5 /* Utilities */ = {
			isa = PBXGroup;
			children = (
				BCA731562C89BCB1007C56A5 /* InputFormUtil.swift */,
				BCA7315A2C89E81C007C56A5 /* KeyboardOverlapUtil.swift */,
			);
			path = Utilities;
			sourceTree = "<group>";
		};
		BCA731602C8A9035007C56A5 /* Presentations */ = {
			isa = PBXGroup;
			children = (
				BCA7317C2C8ABF69007C56A5 /* Top */,
				BC120A8B2C8ADBEA005C84DC /* TravelRegister */,
				BC18F86E2C898112006C8D59 /* DataList */,
				BCA9A9352C822E1B00084047 /* DateDetail */,
				BCA731622C8A98EC007C56A5 /* RateSetting */,
				BCA731772C8AA95F007C56A5 /* CurrencyRegister */,
				BCA731632C8A9909007C56A5 /* BudgetComparison */,
			);
			path = Presentations;
			sourceTree = "<group>";
		};
		BCA731622C8A98EC007C56A5 /* RateSetting */ = {
			isa = PBXGroup;
			children = (
				BCA731642C8A994D007C56A5 /* RateSettingViewController.swift */,
				BCA731662C8A9954007C56A5 /* RateSettingViewController.storyboard */,
				BCA731682C8A9BFA007C56A5 /* RateSettingCell.swift */,
				BCA731692C8A9BFA007C56A5 /* RateSettingCell.xib */,
			);
			path = RateSetting;
			sourceTree = "<group>";
		};
		BCA731632C8A9909007C56A5 /* BudgetComparison */ = {
			isa = PBXGroup;
			children = (
			);
			path = BudgetComparison;
			sourceTree = "<group>";
		};
		BCA7316C2C8A9D75007C56A5 /* CustomClasses */ = {
			isa = PBXGroup;
			children = (
				BCA7316D2C8A9D91007C56A5 /* TouchesBeganTableView.swift */,
			);
			path = CustomClasses;
			sourceTree = "<group>";
		};
		BCA731772C8AA95F007C56A5 /* CurrencyRegister */ = {
			isa = PBXGroup;
			children = (
				BCA731782C8AA988007C56A5 /* CurrencyRegisterViewController.swift */,
				BCA7317A2C8AA9A1007C56A5 /* CurrencyRegisterViewController.storyboard */,
			);
			path = CurrencyRegister;
			sourceTree = "<group>";
		};
		BCA7317C2C8ABF69007C56A5 /* Top */ = {
			isa = PBXGroup;
			children = (
				BCA7317D2C8ABF7B007C56A5 /* TopViewController.swift */,
				BCA7317F2C8ABF80007C56A5 /* TopViewController.storyboard */,
				BC69D17B2C8AC81000DD0A9B /* TravelListCell.swift */,
				BC69D17C2C8AC81000DD0A9B /* TravelListCell.xib */,
			);
			path = Top;
			sourceTree = "<group>";
		};
		BCA9A9342C822E0200084047 /* DateList0 */ = {
			isa = PBXGroup;
			children = (
				BCA9A9402C822EED00084047 /* DateListViewController0.swift */,
				BCA9A9422C822EF300084047 /* DateListViewController0.storyboard */,
				BCD0070E2C8891080072B455 /* DateListCell.swift */,
				BCD0070F2C8891080072B455 /* DateListCell.xib */,
			);
			path = DateList0;
			sourceTree = "<group>";
		};
		BCA9A9352C822E1B00084047 /* DateDetail */ = {
			isa = PBXGroup;
			children = (
				BCA9A9442C822F0200084047 /* DateDetailViewController.swift */,
				BCA9A9462C822F0800084047 /* DateDetailViewController.storyboard */,
				BC0DFAA42C81C5B000B705A7 /* PaymentListItemCell.swift */,
				BC0DFAA52C81C5B000B705A7 /* PaymentListItemCell.xib */,
				BCD007122C8931E10072B455 /* DateDetailGenreSectionHeader.swift */,
				BCD007142C8931E80072B455 /* DateDetailGenreSectionHeader.xib */,
				BCD007162C8934AA0072B455 /* DateDetailGenreSectionFooter.swift */,
				BCD007182C8934B10072B455 /* DateDetailGenreSectionFooter.xib */,
			);
			path = DateDetail;
			sourceTree = "<group>";
		};
		F708BB9F5839A9C6089E4486 /* Frameworks */ = {
			isa = PBXGroup;
			children = (
				4CFF8ACDD788D7753538CCCB /* Pods_TravelBudgetCalculator.framework */,
				9B3CB7DC5EDE697336333E22 /* Pods_TravelBudgetCalculator_TravelBudgetCalculatorUITests.framework */,
				306FD9F149BDF5F9A9A4CDC1 /* Pods_TravelBudgetCalculatorTests.framework */,
			);
			name = Frameworks;
			sourceTree = "<group>";
		};
/* End PBXGroup section */

/* Begin PBXNativeTarget section */
		BC0DFA702C81BC0100B705A7 /* TravelBudgetCalculator */ = {
			isa = PBXNativeTarget;
			buildConfigurationList = BC0DFA9B2C81BC0300B705A7 /* Build configuration list for PBXNativeTarget "TravelBudgetCalculator" */;
			buildPhases = (
				C774D1DBC19D1B78273AEC58 /* [CP] Check Pods Manifest.lock */,
				BC0DFA6D2C81BC0100B705A7 /* Sources */,
				BC0DFA6E2C81BC0100B705A7 /* Frameworks */,
				BC0DFA6F2C81BC0100B705A7 /* Resources */,
				519B6AB5E3B1F540DFB9A97D /* [CP] Embed Pods Frameworks */,
			);
			buildRules = (
			);
			dependencies = (
			);
			name = TravelBudgetCalculator;
			productName = TravelBudgetCalculator;
			productReference = BC0DFA712C81BC0100B705A7 /* TravelBudgetCalculator.app */;
			productType = "com.apple.product-type.application";
		};
		BC0DFA862C81BC0300B705A7 /* TravelBudgetCalculatorTests */ = {
			isa = PBXNativeTarget;
			buildConfigurationList = BC0DFA9E2C81BC0300B705A7 /* Build configuration list for PBXNativeTarget "TravelBudgetCalculatorTests" */;
			buildPhases = (
				BB82ACC9225F04A1D518BC16 /* [CP] Check Pods Manifest.lock */,
				BC0DFA832C81BC0300B705A7 /* Sources */,
				BC0DFA842C81BC0300B705A7 /* Frameworks */,
				BC0DFA852C81BC0300B705A7 /* Resources */,
			);
			buildRules = (
			);
			dependencies = (
				BC0DFA892C81BC0300B705A7 /* PBXTargetDependency */,
			);
			name = TravelBudgetCalculatorTests;
			productName = TravelBudgetCalculatorTests;
			productReference = BC0DFA872C81BC0300B705A7 /* TravelBudgetCalculatorTests.xctest */;
			productType = "com.apple.product-type.bundle.unit-test";
		};
		BC0DFA902C81BC0300B705A7 /* TravelBudgetCalculatorUITests */ = {
			isa = PBXNativeTarget;
			buildConfigurationList = BC0DFAA12C81BC0300B705A7 /* Build configuration list for PBXNativeTarget "TravelBudgetCalculatorUITests" */;
			buildPhases = (
				2FB227BBCAD394D67AFDA8DD /* [CP] Check Pods Manifest.lock */,
				BC0DFA8D2C81BC0300B705A7 /* Sources */,
				BC0DFA8E2C81BC0300B705A7 /* Frameworks */,
				BC0DFA8F2C81BC0300B705A7 /* Resources */,
				7ACED037BE6DDC04D245E7B4 /* [CP] Embed Pods Frameworks */,
			);
			buildRules = (
			);
			dependencies = (
				BC0DFA932C81BC0300B705A7 /* PBXTargetDependency */,
			);
			name = TravelBudgetCalculatorUITests;
			productName = TravelBudgetCalculatorUITests;
			productReference = BC0DFA912C81BC0300B705A7 /* TravelBudgetCalculatorUITests.xctest */;
			productType = "com.apple.product-type.bundle.ui-testing";
		};
/* End PBXNativeTarget section */

/* Begin PBXProject section */
		BC0DFA692C81BC0100B705A7 /* Project object */ = {
			isa = PBXProject;
			attributes = {
				BuildIndependentTargetsInParallel = 1;
				LastSwiftUpdateCheck = 1530;
				LastUpgradeCheck = 1530;
				TargetAttributes = {
					BC0DFA702C81BC0100B705A7 = {
						CreatedOnToolsVersion = 15.3;
					};
					BC0DFA862C81BC0300B705A7 = {
						CreatedOnToolsVersion = 15.3;
						TestTargetID = BC0DFA702C81BC0100B705A7;
					};
					BC0DFA902C81BC0300B705A7 = {
						CreatedOnToolsVersion = 15.3;
						TestTargetID = BC0DFA702C81BC0100B705A7;
					};
				};
			};
			buildConfigurationList = BC0DFA6C2C81BC0100B705A7 /* Build configuration list for PBXProject "TravelBudgetCalculator" */;
			compatibilityVersion = "Xcode 14.0";
			developmentRegion = en;
			hasScannedForEncodings = 0;
			knownRegions = (
				en,
				Base,
			);
			mainGroup = BC0DFA682C81BC0100B705A7;
			productRefGroup = BC0DFA722C81BC0100B705A7 /* Products */;
			projectDirPath = "";
			projectRoot = "";
			targets = (
				BC0DFA702C81BC0100B705A7 /* TravelBudgetCalculator */,
				BC0DFA862C81BC0300B705A7 /* TravelBudgetCalculatorTests */,
				BC0DFA902C81BC0300B705A7 /* TravelBudgetCalculatorUITests */,
			);
		};
/* End PBXProject section */

/* Begin PBXResourcesBuildPhase section */
		BC0DFA6F2C81BC0100B705A7 /* Resources */ = {
			isa = PBXResourcesBuildPhase;
			buildActionMask = 2147483647;
			files = (
				BC120A8F2C8ADC1A005C84DC /* TravelRegisterFirstViewController.storyboard in Resources */,
				BCD007152C8931E80072B455 /* DateDetailGenreSectionHeader.xib in Resources */,
				BCA9A9432C822EF300084047 /* DateListViewController0.storyboard in Resources */,
				BCA7316A2C8A9BFA007C56A5 /* RateSettingCell.xib in Resources */,
				BC0DFA7E2C81BC0300B705A7 /* Assets.xcassets in Resources */,
				BC18F8722C898143006C8D59 /* DateListViewController.storyboard in Resources */,
				BC0DFAA72C81C5B000B705A7 /* PaymentListItemCell.xib in Resources */,
				BCA7317B2C8AA9A1007C56A5 /* CurrencyRegisterViewController.storyboard in Resources */,
				BC0DFA812C81BC0300B705A7 /* Base in Resources */,
				BCA9A9472C822F0800084047 /* DateDetailViewController.storyboard in Resources */,
				BC0DFA7C2C81BC0100B705A7 /* Base in Resources */,
				BCA731672C8A9954007C56A5 /* RateSettingViewController.storyboard in Resources */,
				BCA731802C8ABF80007C56A5 /* TopViewController.storyboard in Resources */,
				BCD007192C8934B10072B455 /* DateDetailGenreSectionFooter.xib in Resources */,
				BC8B902E2C8BFA360050B252 /* TravelRegisterSecondViewController.storyboard in Resources */,
				BCD007112C8891080072B455 /* DateListCell.xib in Resources */,
				BC69D17E2C8AC81000DD0A9B /* TravelListCell.xib in Resources */,
			);
			runOnlyForDeploymentPostprocessing = 0;
		};
		BC0DFA852C81BC0300B705A7 /* Resources */ = {
			isa = PBXResourcesBuildPhase;
			buildActionMask = 2147483647;
			files = (
			);
			runOnlyForDeploymentPostprocessing = 0;
		};
		BC0DFA8F2C81BC0300B705A7 /* Resources */ = {
			isa = PBXResourcesBuildPhase;
			buildActionMask = 2147483647;
			files = (
			);
			runOnlyForDeploymentPostprocessing = 0;
		};
/* End PBXResourcesBuildPhase section */

/* Begin PBXShellScriptBuildPhase section */
		2FB227BBCAD394D67AFDA8DD /* [CP] Check Pods Manifest.lock */ = {
			isa = PBXShellScriptBuildPhase;
			buildActionMask = 2147483647;
			files = (
			);
			inputFileListPaths = (
			);
			inputPaths = (
				"${PODS_PODFILE_DIR_PATH}/Podfile.lock",
				"${PODS_ROOT}/Manifest.lock",
			);
			name = "[CP] Check Pods Manifest.lock";
			outputFileListPaths = (
			);
			outputPaths = (
				"$(DERIVED_FILE_DIR)/Pods-TravelBudgetCalculator-TravelBudgetCalculatorUITests-checkManifestLockResult.txt",
			);
			runOnlyForDeploymentPostprocessing = 0;
			shellPath = /bin/sh;
			shellScript = "diff \"${PODS_PODFILE_DIR_PATH}/Podfile.lock\" \"${PODS_ROOT}/Manifest.lock\" > /dev/null\nif [ $? != 0 ] ; then\n    # print error to STDERR\n    echo \"error: The sandbox is not in sync with the Podfile.lock. Run 'pod install' or update your CocoaPods installation.\" >&2\n    exit 1\nfi\n# This output is used by Xcode 'outputs' to avoid re-running this script phase.\necho \"SUCCESS\" > \"${SCRIPT_OUTPUT_FILE_0}\"\n";
			showEnvVarsInLog = 0;
		};
		519B6AB5E3B1F540DFB9A97D /* [CP] Embed Pods Frameworks */ = {
			isa = PBXShellScriptBuildPhase;
			buildActionMask = 2147483647;
			files = (
			);
			inputFileListPaths = (
				"${PODS_ROOT}/Target Support Files/Pods-TravelBudgetCalculator/Pods-TravelBudgetCalculator-frameworks-${CONFIGURATION}-input-files.xcfilelist",
			);
			name = "[CP] Embed Pods Frameworks";
			outputFileListPaths = (
				"${PODS_ROOT}/Target Support Files/Pods-TravelBudgetCalculator/Pods-TravelBudgetCalculator-frameworks-${CONFIGURATION}-output-files.xcfilelist",
			);
			runOnlyForDeploymentPostprocessing = 0;
			shellPath = /bin/sh;
			shellScript = "\"${PODS_ROOT}/Target Support Files/Pods-TravelBudgetCalculator/Pods-TravelBudgetCalculator-frameworks.sh\"\n";
			showEnvVarsInLog = 0;
		};
		7ACED037BE6DDC04D245E7B4 /* [CP] Embed Pods Frameworks */ = {
			isa = PBXShellScriptBuildPhase;
			buildActionMask = 2147483647;
			files = (
			);
			inputFileListPaths = (
				"${PODS_ROOT}/Target Support Files/Pods-TravelBudgetCalculator-TravelBudgetCalculatorUITests/Pods-TravelBudgetCalculator-TravelBudgetCalculatorUITests-frameworks-${CONFIGURATION}-input-files.xcfilelist",
			);
			name = "[CP] Embed Pods Frameworks";
			outputFileListPaths = (
				"${PODS_ROOT}/Target Support Files/Pods-TravelBudgetCalculator-TravelBudgetCalculatorUITests/Pods-TravelBudgetCalculator-TravelBudgetCalculatorUITests-frameworks-${CONFIGURATION}-output-files.xcfilelist",
			);
			runOnlyForDeploymentPostprocessing = 0;
			shellPath = /bin/sh;
			shellScript = "\"${PODS_ROOT}/Target Support Files/Pods-TravelBudgetCalculator-TravelBudgetCalculatorUITests/Pods-TravelBudgetCalculator-TravelBudgetCalculatorUITests-frameworks.sh\"\n";
			showEnvVarsInLog = 0;
		};
		BB82ACC9225F04A1D518BC16 /* [CP] Check Pods Manifest.lock */ = {
			isa = PBXShellScriptBuildPhase;
			buildActionMask = 2147483647;
			files = (
			);
			inputFileListPaths = (
			);
			inputPaths = (
				"${PODS_PODFILE_DIR_PATH}/Podfile.lock",
				"${PODS_ROOT}/Manifest.lock",
			);
			name = "[CP] Check Pods Manifest.lock";
			outputFileListPaths = (
			);
			outputPaths = (
				"$(DERIVED_FILE_DIR)/Pods-TravelBudgetCalculatorTests-checkManifestLockResult.txt",
			);
			runOnlyForDeploymentPostprocessing = 0;
			shellPath = /bin/sh;
			shellScript = "diff \"${PODS_PODFILE_DIR_PATH}/Podfile.lock\" \"${PODS_ROOT}/Manifest.lock\" > /dev/null\nif [ $? != 0 ] ; then\n    # print error to STDERR\n    echo \"error: The sandbox is not in sync with the Podfile.lock. Run 'pod install' or update your CocoaPods installation.\" >&2\n    exit 1\nfi\n# This output is used by Xcode 'outputs' to avoid re-running this script phase.\necho \"SUCCESS\" > \"${SCRIPT_OUTPUT_FILE_0}\"\n";
			showEnvVarsInLog = 0;
		};
		C774D1DBC19D1B78273AEC58 /* [CP] Check Pods Manifest.lock */ = {
			isa = PBXShellScriptBuildPhase;
			buildActionMask = 2147483647;
			files = (
			);
			inputFileListPaths = (
			);
			inputPaths = (
				"${PODS_PODFILE_DIR_PATH}/Podfile.lock",
				"${PODS_ROOT}/Manifest.lock",
			);
			name = "[CP] Check Pods Manifest.lock";
			outputFileListPaths = (
			);
			outputPaths = (
				"$(DERIVED_FILE_DIR)/Pods-TravelBudgetCalculator-checkManifestLockResult.txt",
			);
			runOnlyForDeploymentPostprocessing = 0;
			shellPath = /bin/sh;
			shellScript = "diff \"${PODS_PODFILE_DIR_PATH}/Podfile.lock\" \"${PODS_ROOT}/Manifest.lock\" > /dev/null\nif [ $? != 0 ] ; then\n    # print error to STDERR\n    echo \"error: The sandbox is not in sync with the Podfile.lock. Run 'pod install' or update your CocoaPods installation.\" >&2\n    exit 1\nfi\n# This output is used by Xcode 'outputs' to avoid re-running this script phase.\necho \"SUCCESS\" > \"${SCRIPT_OUTPUT_FILE_0}\"\n";
			showEnvVarsInLog = 0;
		};
/* End PBXShellScriptBuildPhase section */

/* Begin PBXSourcesBuildPhase section */
		BC0DFA6D2C81BC0100B705A7 /* Sources */ = {
			isa = PBXSourcesBuildPhase;
			buildActionMask = 2147483647;
			files = (
				BCA731792C8AA988007C56A5 /* CurrencyRegisterViewController.swift in Sources */,
				BCA7316B2C8A9BFA007C56A5 /* RateSettingCell.swift in Sources */,
				BC120A8D2C8ADC13005C84DC /* TravelRegisterFirstViewController.swift in Sources */,
				BC8B90262C8AFA980050B252 /* Travel.swift in Sources */,
				BC69D1802C8AC97200DD0A9B /* Extension+Storyboard.swift in Sources */,
				BC8B90282C8BF67B0050B252 /* TimeZone+Extension.swift in Sources */,
				BCA731742C8AA2CC007C56A5 /* RegisteredCurrency.swift in Sources */,
				BCA9A9412C822EED00084047 /* DateListViewController0.swift in Sources */,
				BC18F8702C89813D006C8D59 /* DateListViewController.swift in Sources */,
				BCA731702C8A9DB6007C56A5 /* PaymentList.swift in Sources */,
				BCA731592C89BF23007C56A5 /* UIView+Extension.swift in Sources */,
				BC0DFAA92C81FE3700B705A7 /* CurrencyType.swift in Sources */,
				BCD007172C8934AA0072B455 /* DateDetailGenreSectionFooter.swift in Sources */,
				BCA731572C89BCB1007C56A5 /* InputFormUtil.swift in Sources */,
				BCA7315B2C89E81C007C56A5 /* KeyboardOverlapUtil.swift in Sources */,
				BC0DFA792C81BC0100B705A7 /* ViewController.swift in Sources */,
				BCA7316E2C8A9D91007C56A5 /* TouchesBeganTableView.swift in Sources */,
				BC8B902C2C8BFA310050B252 /* TravelRegisterSecondViewController.swift in Sources */,
				BCD007102C8891080072B455 /* DateListCell.swift in Sources */,
				BCA731652C8A994D007C56A5 /* RateSettingViewController.swift in Sources */,
				BC0DFAA62C81C5B000B705A7 /* PaymentListItemCell.swift in Sources */,
				BCA731722C8AA250007C56A5 /* UserDefaults+Extension.swift in Sources */,
				BCA9A9452C822F0200084047 /* DateDetailViewController.swift in Sources */,
				BC69D17D2C8AC81000DD0A9B /* TravelListCell.swift in Sources */,
				BCA731762C8AA3B9007C56A5 /* Encodable+Extension.swift in Sources */,
				BC0DFA752C81BC0100B705A7 /* AppDelegate.swift in Sources */,
				BCD007132C8931E10072B455 /* DateDetailGenreSectionHeader.swift in Sources */,
				BC0DFA772C81BC0100B705A7 /* SceneDelegate.swift in Sources */,
				BC58CB5B2C89887F00F40E16 /* ItineraryData.swift in Sources */,
				BCA731552C89B8B4007C56A5 /* UIViewController+Extension.swift in Sources */,
				BCA7317E2C8ABF7B007C56A5 /* TopViewController.swift in Sources */,
				BC58CB5E2C898ADF00F40E16 /* DailyExpense.swift in Sources */,
			);
			runOnlyForDeploymentPostprocessing = 0;
		};
		BC0DFA832C81BC0300B705A7 /* Sources */ = {
			isa = PBXSourcesBuildPhase;
			buildActionMask = 2147483647;
			files = (
				BC0DFA8C2C81BC0300B705A7 /* TravelBudgetCalculatorTests.swift in Sources */,
			);
			runOnlyForDeploymentPostprocessing = 0;
		};
		BC0DFA8D2C81BC0300B705A7 /* Sources */ = {
			isa = PBXSourcesBuildPhase;
			buildActionMask = 2147483647;
			files = (
				BC0DFA962C81BC0300B705A7 /* TravelBudgetCalculatorUITests.swift in Sources */,
				BC0DFA982C81BC0300B705A7 /* TravelBudgetCalculatorUITestsLaunchTests.swift in Sources */,
			);
			runOnlyForDeploymentPostprocessing = 0;
		};
/* End PBXSourcesBuildPhase section */

/* Begin PBXTargetDependency section */
		BC0DFA892C81BC0300B705A7 /* PBXTargetDependency */ = {
			isa = PBXTargetDependency;
			target = BC0DFA702C81BC0100B705A7 /* TravelBudgetCalculator */;
			targetProxy = BC0DFA882C81BC0300B705A7 /* PBXContainerItemProxy */;
		};
		BC0DFA932C81BC0300B705A7 /* PBXTargetDependency */ = {
			isa = PBXTargetDependency;
			target = BC0DFA702C81BC0100B705A7 /* TravelBudgetCalculator */;
			targetProxy = BC0DFA922C81BC0300B705A7 /* PBXContainerItemProxy */;
		};
/* End PBXTargetDependency section */

/* Begin PBXVariantGroup section */
		BC0DFA7A2C81BC0100B705A7 /* Main.storyboard */ = {
			isa = PBXVariantGroup;
			children = (
				BC0DFA7B2C81BC0100B705A7 /* Base */,
			);
			name = Main.storyboard;
			sourceTree = "<group>";
		};
		BC0DFA7F2C81BC0300B705A7 /* LaunchScreen.storyboard */ = {
			isa = PBXVariantGroup;
			children = (
				BC0DFA802C81BC0300B705A7 /* Base */,
			);
			name = LaunchScreen.storyboard;
			sourceTree = "<group>";
		};
/* End PBXVariantGroup section */

/* Begin XCBuildConfiguration section */
		BC0DFA992C81BC0300B705A7 /* Debug */ = {
			isa = XCBuildConfiguration;
			buildSettings = {
				ALWAYS_SEARCH_USER_PATHS = NO;
				ASSETCATALOG_COMPILER_GENERATE_SWIFT_ASSET_SYMBOL_EXTENSIONS = YES;
				CLANG_ANALYZER_NONNULL = YES;
				CLANG_ANALYZER_NUMBER_OBJECT_CONVERSION = YES_AGGRESSIVE;
				CLANG_CXX_LANGUAGE_STANDARD = "gnu++20";
				CLANG_ENABLE_MODULES = YES;
				CLANG_ENABLE_OBJC_ARC = YES;
				CLANG_ENABLE_OBJC_WEAK = YES;
				CLANG_WARN_BLOCK_CAPTURE_AUTORELEASING = YES;
				CLANG_WARN_BOOL_CONVERSION = YES;
				CLANG_WARN_COMMA = YES;
				CLANG_WARN_CONSTANT_CONVERSION = YES;
				CLANG_WARN_DEPRECATED_OBJC_IMPLEMENTATIONS = YES;
				CLANG_WARN_DIRECT_OBJC_ISA_USAGE = YES_ERROR;
				CLANG_WARN_DOCUMENTATION_COMMENTS = YES;
				CLANG_WARN_EMPTY_BODY = YES;
				CLANG_WARN_ENUM_CONVERSION = YES;
				CLANG_WARN_INFINITE_RECURSION = YES;
				CLANG_WARN_INT_CONVERSION = YES;
				CLANG_WARN_NON_LITERAL_NULL_CONVERSION = YES;
				CLANG_WARN_OBJC_IMPLICIT_RETAIN_SELF = YES;
				CLANG_WARN_OBJC_LITERAL_CONVERSION = YES;
				CLANG_WARN_OBJC_ROOT_CLASS = YES_ERROR;
				CLANG_WARN_QUOTED_INCLUDE_IN_FRAMEWORK_HEADER = YES;
				CLANG_WARN_RANGE_LOOP_ANALYSIS = YES;
				CLANG_WARN_STRICT_PROTOTYPES = YES;
				CLANG_WARN_SUSPICIOUS_MOVE = YES;
				CLANG_WARN_UNGUARDED_AVAILABILITY = YES_AGGRESSIVE;
				CLANG_WARN_UNREACHABLE_CODE = YES;
				CLANG_WARN__DUPLICATE_METHOD_MATCH = YES;
				COPY_PHASE_STRIP = NO;
				DEBUG_INFORMATION_FORMAT = dwarf;
				ENABLE_STRICT_OBJC_MSGSEND = YES;
				ENABLE_TESTABILITY = YES;
				ENABLE_USER_SCRIPT_SANDBOXING = NO;
				GCC_C_LANGUAGE_STANDARD = gnu17;
				GCC_DYNAMIC_NO_PIC = NO;
				GCC_NO_COMMON_BLOCKS = YES;
				GCC_OPTIMIZATION_LEVEL = 0;
				GCC_PREPROCESSOR_DEFINITIONS = (
					"DEBUG=1",
					"$(inherited)",
				);
				GCC_WARN_64_TO_32_BIT_CONVERSION = YES;
				GCC_WARN_ABOUT_RETURN_TYPE = YES_ERROR;
				GCC_WARN_UNDECLARED_SELECTOR = YES;
				GCC_WARN_UNINITIALIZED_AUTOS = YES_AGGRESSIVE;
				GCC_WARN_UNUSED_FUNCTION = YES;
				GCC_WARN_UNUSED_VARIABLE = YES;
				IPHONEOS_DEPLOYMENT_TARGET = 17.4;
				LOCALIZATION_PREFERS_STRING_CATALOGS = YES;
				MTL_ENABLE_DEBUG_INFO = INCLUDE_SOURCE;
				MTL_FAST_MATH = YES;
				ONLY_ACTIVE_ARCH = YES;
				SDKROOT = iphoneos;
				SWIFT_ACTIVE_COMPILATION_CONDITIONS = "DEBUG $(inherited)";
				SWIFT_OPTIMIZATION_LEVEL = "-Onone";
			};
			name = Debug;
		};
		BC0DFA9A2C81BC0300B705A7 /* Release */ = {
			isa = XCBuildConfiguration;
			buildSettings = {
				ALWAYS_SEARCH_USER_PATHS = NO;
				ASSETCATALOG_COMPILER_GENERATE_SWIFT_ASSET_SYMBOL_EXTENSIONS = YES;
				CLANG_ANALYZER_NONNULL = YES;
				CLANG_ANALYZER_NUMBER_OBJECT_CONVERSION = YES_AGGRESSIVE;
				CLANG_CXX_LANGUAGE_STANDARD = "gnu++20";
				CLANG_ENABLE_MODULES = YES;
				CLANG_ENABLE_OBJC_ARC = YES;
				CLANG_ENABLE_OBJC_WEAK = YES;
				CLANG_WARN_BLOCK_CAPTURE_AUTORELEASING = YES;
				CLANG_WARN_BOOL_CONVERSION = YES;
				CLANG_WARN_COMMA = YES;
				CLANG_WARN_CONSTANT_CONVERSION = YES;
				CLANG_WARN_DEPRECATED_OBJC_IMPLEMENTATIONS = YES;
				CLANG_WARN_DIRECT_OBJC_ISA_USAGE = YES_ERROR;
				CLANG_WARN_DOCUMENTATION_COMMENTS = YES;
				CLANG_WARN_EMPTY_BODY = YES;
				CLANG_WARN_ENUM_CONVERSION = YES;
				CLANG_WARN_INFINITE_RECURSION = YES;
				CLANG_WARN_INT_CONVERSION = YES;
				CLANG_WARN_NON_LITERAL_NULL_CONVERSION = YES;
				CLANG_WARN_OBJC_IMPLICIT_RETAIN_SELF = YES;
				CLANG_WARN_OBJC_LITERAL_CONVERSION = YES;
				CLANG_WARN_OBJC_ROOT_CLASS = YES_ERROR;
				CLANG_WARN_QUOTED_INCLUDE_IN_FRAMEWORK_HEADER = YES;
				CLANG_WARN_RANGE_LOOP_ANALYSIS = YES;
				CLANG_WARN_STRICT_PROTOTYPES = YES;
				CLANG_WARN_SUSPICIOUS_MOVE = YES;
				CLANG_WARN_UNGUARDED_AVAILABILITY = YES_AGGRESSIVE;
				CLANG_WARN_UNREACHABLE_CODE = YES;
				CLANG_WARN__DUPLICATE_METHOD_MATCH = YES;
				COPY_PHASE_STRIP = NO;
				DEBUG_INFORMATION_FORMAT = "dwarf-with-dsym";
				ENABLE_NS_ASSERTIONS = NO;
				ENABLE_STRICT_OBJC_MSGSEND = YES;
				ENABLE_USER_SCRIPT_SANDBOXING = NO;
				GCC_C_LANGUAGE_STANDARD = gnu17;
				GCC_NO_COMMON_BLOCKS = YES;
				GCC_WARN_64_TO_32_BIT_CONVERSION = YES;
				GCC_WARN_ABOUT_RETURN_TYPE = YES_ERROR;
				GCC_WARN_UNDECLARED_SELECTOR = YES;
				GCC_WARN_UNINITIALIZED_AUTOS = YES_AGGRESSIVE;
				GCC_WARN_UNUSED_FUNCTION = YES;
				GCC_WARN_UNUSED_VARIABLE = YES;
				IPHONEOS_DEPLOYMENT_TARGET = 17.4;
				LOCALIZATION_PREFERS_STRING_CATALOGS = YES;
				MTL_ENABLE_DEBUG_INFO = NO;
				MTL_FAST_MATH = YES;
				SDKROOT = iphoneos;
				SWIFT_COMPILATION_MODE = wholemodule;
				VALIDATE_PRODUCT = YES;
			};
			name = Release;
		};
		BC0DFA9C2C81BC0300B705A7 /* Debug */ = {
			isa = XCBuildConfiguration;
			baseConfigurationReference = F22A04E33E339684E408ABFD /* Pods-TravelBudgetCalculator.debug.xcconfig */;
			buildSettings = {
				ASSETCATALOG_COMPILER_APPICON_NAME = AppIcon;
				ASSETCATALOG_COMPILER_GLOBAL_ACCENT_COLOR_NAME = AccentColor;
				CODE_SIGN_STYLE = Automatic;
				CURRENT_PROJECT_VERSION = 1;
				DEVELOPMENT_TEAM = RYD4R2QLW8;
				GENERATE_INFOPLIST_FILE = YES;
				INFOPLIST_FILE = TravelBudgetCalculator/Info.plist;
				INFOPLIST_KEY_UIApplicationSupportsIndirectInputEvents = YES;
				INFOPLIST_KEY_UILaunchStoryboardName = LaunchScreen;
				INFOPLIST_KEY_UIMainStoryboardFile = Main;
				INFOPLIST_KEY_UISupportedInterfaceOrientations_iPad = "UIInterfaceOrientationPortrait UIInterfaceOrientationPortraitUpsideDown UIInterfaceOrientationLandscapeLeft UIInterfaceOrientationLandscapeRight";
				INFOPLIST_KEY_UISupportedInterfaceOrientations_iPhone = "UIInterfaceOrientationPortrait UIInterfaceOrientationLandscapeLeft UIInterfaceOrientationLandscapeRight";
				LD_RUNPATH_SEARCH_PATHS = (
					"$(inherited)",
					"@executable_path/Frameworks",
				);
				MARKETING_VERSION = 1.0;
				PRODUCT_BUNDLE_IDENTIFIER = com.takamasafukase.TravelBudgetCalculator;
				PRODUCT_NAME = "$(TARGET_NAME)";
				SWIFT_EMIT_LOC_STRINGS = YES;
				SWIFT_VERSION = 5.0;
				TARGETED_DEVICE_FAMILY = "1,2";
			};
			name = Debug;
		};
		BC0DFA9D2C81BC0300B705A7 /* Release */ = {
			isa = XCBuildConfiguration;
			baseConfigurationReference = CF147870843459AAC8955DE5 /* Pods-TravelBudgetCalculator.release.xcconfig */;
			buildSettings = {
				ASSETCATALOG_COMPILER_APPICON_NAME = AppIcon;
				ASSETCATALOG_COMPILER_GLOBAL_ACCENT_COLOR_NAME = AccentColor;
				CODE_SIGN_STYLE = Automatic;
				CURRENT_PROJECT_VERSION = 1;
				DEVELOPMENT_TEAM = RYD4R2QLW8;
				GENERATE_INFOPLIST_FILE = YES;
				INFOPLIST_FILE = TravelBudgetCalculator/Info.plist;
				INFOPLIST_KEY_UIApplicationSupportsIndirectInputEvents = YES;
				INFOPLIST_KEY_UILaunchStoryboardName = LaunchScreen;
				INFOPLIST_KEY_UIMainStoryboardFile = Main;
				INFOPLIST_KEY_UISupportedInterfaceOrientations_iPad = "UIInterfaceOrientationPortrait UIInterfaceOrientationPortraitUpsideDown UIInterfaceOrientationLandscapeLeft UIInterfaceOrientationLandscapeRight";
				INFOPLIST_KEY_UISupportedInterfaceOrientations_iPhone = "UIInterfaceOrientationPortrait UIInterfaceOrientationLandscapeLeft UIInterfaceOrientationLandscapeRight";
				LD_RUNPATH_SEARCH_PATHS = (
					"$(inherited)",
					"@executable_path/Frameworks",
				);
				MARKETING_VERSION = 1.0;
				PRODUCT_BUNDLE_IDENTIFIER = com.takamasafukase.TravelBudgetCalculator;
				PRODUCT_NAME = "$(TARGET_NAME)";
				SWIFT_EMIT_LOC_STRINGS = YES;
				SWIFT_VERSION = 5.0;
				TARGETED_DEVICE_FAMILY = "1,2";
			};
			name = Release;
		};
		BC0DFA9F2C81BC0300B705A7 /* Debug */ = {
			isa = XCBuildConfiguration;
			baseConfigurationReference = 6A62CAC1A821D99C008BF2A6 /* Pods-TravelBudgetCalculatorTests.debug.xcconfig */;
			buildSettings = {
				ALWAYS_EMBED_SWIFT_STANDARD_LIBRARIES = YES;
				BUNDLE_LOADER = "$(TEST_HOST)";
				CODE_SIGN_STYLE = Automatic;
				CURRENT_PROJECT_VERSION = 1;
				DEVELOPMENT_TEAM = RYD4R2QLW8;
				GENERATE_INFOPLIST_FILE = YES;
				IPHONEOS_DEPLOYMENT_TARGET = 17.4;
				MARKETING_VERSION = 1.0;
				PRODUCT_BUNDLE_IDENTIFIER = com.takamasafukase.TravelBudgetCalculatorTests;
				PRODUCT_NAME = "$(TARGET_NAME)";
				SWIFT_EMIT_LOC_STRINGS = NO;
				SWIFT_VERSION = 5.0;
				TARGETED_DEVICE_FAMILY = "1,2";
				TEST_HOST = "$(BUILT_PRODUCTS_DIR)/TravelBudgetCalculator.app/$(BUNDLE_EXECUTABLE_FOLDER_PATH)/TravelBudgetCalculator";
			};
			name = Debug;
		};
		BC0DFAA02C81BC0300B705A7 /* Release */ = {
			isa = XCBuildConfiguration;
			baseConfigurationReference = 26B1F0BC798552362FA86169 /* Pods-TravelBudgetCalculatorTests.release.xcconfig */;
			buildSettings = {
				ALWAYS_EMBED_SWIFT_STANDARD_LIBRARIES = YES;
				BUNDLE_LOADER = "$(TEST_HOST)";
				CODE_SIGN_STYLE = Automatic;
				CURRENT_PROJECT_VERSION = 1;
				DEVELOPMENT_TEAM = RYD4R2QLW8;
				GENERATE_INFOPLIST_FILE = YES;
				IPHONEOS_DEPLOYMENT_TARGET = 17.4;
				MARKETING_VERSION = 1.0;
				PRODUCT_BUNDLE_IDENTIFIER = com.takamasafukase.TravelBudgetCalculatorTests;
				PRODUCT_NAME = "$(TARGET_NAME)";
				SWIFT_EMIT_LOC_STRINGS = NO;
				SWIFT_VERSION = 5.0;
				TARGETED_DEVICE_FAMILY = "1,2";
				TEST_HOST = "$(BUILT_PRODUCTS_DIR)/TravelBudgetCalculator.app/$(BUNDLE_EXECUTABLE_FOLDER_PATH)/TravelBudgetCalculator";
			};
			name = Release;
		};
		BC0DFAA22C81BC0300B705A7 /* Debug */ = {
			isa = XCBuildConfiguration;
			baseConfigurationReference = 07B822A7B9EAB14866A6F630 /* Pods-TravelBudgetCalculator-TravelBudgetCalculatorUITests.debug.xcconfig */;
			buildSettings = {
				ALWAYS_EMBED_SWIFT_STANDARD_LIBRARIES = YES;
				CODE_SIGN_STYLE = Automatic;
				CURRENT_PROJECT_VERSION = 1;
				DEVELOPMENT_TEAM = RYD4R2QLW8;
				GENERATE_INFOPLIST_FILE = YES;
				MARKETING_VERSION = 1.0;
				PRODUCT_BUNDLE_IDENTIFIER = com.takamasafukase.TravelBudgetCalculatorUITests;
				PRODUCT_NAME = "$(TARGET_NAME)";
				SWIFT_EMIT_LOC_STRINGS = NO;
				SWIFT_VERSION = 5.0;
				TARGETED_DEVICE_FAMILY = "1,2";
				TEST_TARGET_NAME = TravelBudgetCalculator;
			};
			name = Debug;
		};
		BC0DFAA32C81BC0300B705A7 /* Release */ = {
			isa = XCBuildConfiguration;
			baseConfigurationReference = 0236D4B7E607A4F343A2D7E0 /* Pods-TravelBudgetCalculator-TravelBudgetCalculatorUITests.release.xcconfig */;
			buildSettings = {
				ALWAYS_EMBED_SWIFT_STANDARD_LIBRARIES = YES;
				CODE_SIGN_STYLE = Automatic;
				CURRENT_PROJECT_VERSION = 1;
				DEVELOPMENT_TEAM = RYD4R2QLW8;
				GENERATE_INFOPLIST_FILE = YES;
				MARKETING_VERSION = 1.0;
				PRODUCT_BUNDLE_IDENTIFIER = com.takamasafukase.TravelBudgetCalculatorUITests;
				PRODUCT_NAME = "$(TARGET_NAME)";
				SWIFT_EMIT_LOC_STRINGS = NO;
				SWIFT_VERSION = 5.0;
				TARGETED_DEVICE_FAMILY = "1,2";
				TEST_TARGET_NAME = TravelBudgetCalculator;
			};
			name = Release;
		};
/* End XCBuildConfiguration section */

/* Begin XCConfigurationList section */
		BC0DFA6C2C81BC0100B705A7 /* Build configuration list for PBXProject "TravelBudgetCalculator" */ = {
			isa = XCConfigurationList;
			buildConfigurations = (
				BC0DFA992C81BC0300B705A7 /* Debug */,
				BC0DFA9A2C81BC0300B705A7 /* Release */,
			);
			defaultConfigurationIsVisible = 0;
			defaultConfigurationName = Release;
		};
		BC0DFA9B2C81BC0300B705A7 /* Build configuration list for PBXNativeTarget "TravelBudgetCalculator" */ = {
			isa = XCConfigurationList;
			buildConfigurations = (
				BC0DFA9C2C81BC0300B705A7 /* Debug */,
				BC0DFA9D2C81BC0300B705A7 /* Release */,
			);
			defaultConfigurationIsVisible = 0;
			defaultConfigurationName = Release;
		};
		BC0DFA9E2C81BC0300B705A7 /* Build configuration list for PBXNativeTarget "TravelBudgetCalculatorTests" */ = {
			isa = XCConfigurationList;
			buildConfigurations = (
				BC0DFA9F2C81BC0300B705A7 /* Debug */,
				BC0DFAA02C81BC0300B705A7 /* Release */,
			);
			defaultConfigurationIsVisible = 0;
			defaultConfigurationName = Release;
		};
		BC0DFAA12C81BC0300B705A7 /* Build configuration list for PBXNativeTarget "TravelBudgetCalculatorUITests" */ = {
			isa = XCConfigurationList;
			buildConfigurations = (
				BC0DFAA22C81BC0300B705A7 /* Debug */,
				BC0DFAA32C81BC0300B705A7 /* Release */,
			);
			defaultConfigurationIsVisible = 0;
			defaultConfigurationName = Release;
		};
/* End XCConfigurationList section */
	};
	rootObject = BC0DFA692C81BC0100B705A7 /* Project object */;
}
